{
  "originHash" : "ae48b9a5c38c8319943fe1daec53487490106d217c4e647d889b7a14cc117b88",
  "pins" : [
    {
      "identity" : "instantmock",
      "kind" : "remoteSourceControl",
      "location" : "https://github.com/pirishd/InstantMock",
      "state" : {
        "revision" : "5172aedc823dcefd9a3e2d0aedf9b51b000dabb2",
        "version" : "2.5.5"
      }
    }
  ],
  "version" : 3
}
